<?xml version="1.0" encoding="utf-8"?>
<Project ToolsVersion="4.0" xmlns="http://schemas.microsoft.com/developer/msbuild/2003">
  <ItemGroup>
    <ClCompile Include="Sources\SandboxMain.cpp" />
    <ClCompile Include="Sources\Runtime\Application\WindowBase.cpp">
      <Filter>Runtime\Application</Filter>
    </ClCompile>
    <ClCompile Include="Sources\Runtime\Definition\SandboxHeader.cpp">
      <Filter>Runtime\Definition</Filter>
    </ClCompile>
  </ItemGroup>
  <ItemGroup>
    <Filter Include="Runtime">
      <UniqueIdentifier>{3b270c26-cc97-469e-8f1c-1d8639e3c74c}</UniqueIdentifier>
    </Filter>
    <Filter Include="Editor">
      <UniqueIdentifier>{f702cbd4-b9c1-4722-b4c7-7cafc7abdbcf}</UniqueIdentifier>
    </Filter>
    <Filter Include="External">
      <UniqueIdentifier>{25a926cf-560e-4380-864b-5ceb3e46e4ab}</UniqueIdentifier>
    </Filter>
    <Filter Include="Runtime\Definition">
      <UniqueIdentifier>{bcc75ec8-c850-40e4-a14a-f3ae8fb00b62}</UniqueIdentifier>
    </Filter>
    <Filter Include="Runtime\Application">
      <UniqueIdentifier>{1a5e72ed-84a4-4085-8193-25850cba1e39}</UniqueIdentifier>
    </Filter>
  </ItemGroup>
  <ItemGroup>
    <ClInclude Include="Sources\Runtime\Application\WindowBase.hpp">
      <Filter>Runtime\Application</Filter>
    </ClInclude>
    <ClInclude Include="Sources\Runtime\Definition\SandboxHeader.hpp">
      <Filter>Runtime\Definition</Filter>
    </ClInclude>
    <ClInclude Include="Sources\Runtime\Definition\SandboxMacro.hpp">
      <Filter>Runtime\Definition</Filter>
    </ClInclude>
    <ClInclude Include="Sources\Runtime\Definition\SandboxTypes.hpp">
      <Filter>Runtime\Definition</Filter>
    </ClInclude>
    <ClInclude Include="Sources\Runtime\Application\WindowMessage.hpp">
      <Filter>Runtime\Application</Filter>
    </ClInclude>
  </ItemGroup>
</Project>