<?xml version="1.0" encoding="utf-8"?>
<Project ToolsVersion="4.0" xmlns="http://schemas.microsoft.com/developer/msbuild/2003">
  <ItemGroup>
    <ClCompile Include="Sources\SandboxMain.cpp" />
  </ItemGroup>
  <ItemGroup>
    <Filter Include="Runtime">
      <UniqueIdentifier>{3b270c26-cc97-469e-8f1c-1d8639e3c74c}</UniqueIdentifier>
    </Filter>
    <Filter Include="Editor">
      <UniqueIdentifier>{f702cbd4-b9c1-4722-b4c7-7cafc7abdbcf}</UniqueIdentifier>
    </Filter>
    <Filter Include="External">
      <UniqueIdentifier>{25a926cf-560e-4380-864b-5ceb3e46e4ab}</UniqueIdentifier>
    </Filter>
  </ItemGroup>
</Project>