<?xml version="1.0" encoding="utf-8"?>
<Project ToolsVersion="4.0" xmlns="http://schemas.microsoft.com/developer/msbuild/2003">
  <ItemGroup>
    <ClCompile Include="Sources\Main.cpp" />
    <ClCompile Include="Sources\Core\Definations\SandboxHeader.cpp">
      <Filter>Core\Definations</Filter>
    </ClCompile>
  </ItemGroup>
  <ItemGroup>
    <Filter Include="Core">
      <UniqueIdentifier>{1630a327-0884-4969-bce4-ba59f964ecdf}</UniqueIdentifier>
    </Filter>
    <Filter Include="Core\Definations">
      <UniqueIdentifier>{712d58f7-9ddf-49c6-9702-90891155f201}</UniqueIdentifier>
    </Filter>
    <Filter Include="Core\private">
      <UniqueIdentifier>{1561cbd1-e29e-48e3-887c-ce6fb02a9e2e}</UniqueIdentifier>
    </Filter>
    <Filter Include="Core\public">
      <UniqueIdentifier>{f9d4dc19-bf96-4fd0-8ce3-b8cd17c51291}</UniqueIdentifier>
    </Filter>
  </ItemGroup>
  <ItemGroup>
    <ClInclude Include="Sources\Core\Definations\SandboxHeader.h">
      <Filter>Core\Definations</Filter>
    </ClInclude>
    <ClInclude Include="Sources\Core\Definations\SandboxTypes.h">
      <Filter>Core\Definations</Filter>
    </ClInclude>
    <ClInclude Include="헤더.h">
      <Filter>Core\public</Filter>
    </ClInclude>
  </ItemGroup>
</Project>